
Microsoft Visual Studio Solution File, Format Version 11.00
# Visual Studio 2010
Project("{FAE04EC0-301F-11D3-BF4B-00C04F79EFBC}") = "NeosIT.DB-Migrator", "NeosIT.DB-Migrator\NeosIT.DB-Migrator.csproj", "{85531606-3070-482F-8751-367DF15C8E32}"
EndProject
Project("{FAE04EC0-301F-11D3-BF4B-00C04F79EFBC}") = "NeosIT.DB-Migrator.Test", "NeosIT.DB-Migrator.Test\NeosIT.DB-Migrator.Test.csproj", "{C6249B3D-0EC2-405A-A89F-1F31B93D7249}"
EndProject
Global
	GlobalSection(SolutionConfigurationPlatforms) = preSolution
		Debug|Any CPU = Debug|Any CPU
		Debug|Mixed Platforms = Debug|Mixed Platforms
		Debug|x86 = Debug|x86
		Release|Any CPU = Release|Any CPU
		Release|Mixed Platforms = Release|Mixed Platforms
		Release|x86 = Release|x86
	EndGlobalSection
	GlobalSection(ProjectConfigurationPlatforms) = postSolution
		{85531606-3070-482F-8751-367DF15C8E32}.Debug|Any CPU.ActiveCfg = Debug|x86
		{85531606-3070-482F-8751-367DF15C8E32}.Debug|Mixed Platforms.ActiveCfg = Debug|x86
		{85531606-3070-482F-8751-367DF15C8E32}.Debug|Mixed Platforms.Build.0 = Debug|x86
		{85531606-3070-482F-8751-367DF15C8E32}.Debug|x86.ActiveCfg = Debug|x86
		{85531606-3070-482F-8751-367DF15C8E32}.Debug|x86.Build.0 = Debug|x86
		{85531606-3070-482F-8751-367DF15C8E32}.Release|Any CPU.ActiveCfg = Release|x86
		{85531606-3070-482F-8751-367DF15C8E32}.Release|Mixed Platforms.ActiveCfg = Release|x86
		{85531606-3070-482F-8751-367DF15C8E32}.Release|Mixed Platforms.Build.0 = Release|x86
		{85531606-3070-482F-8751-367DF15C8E32}.Release|x86.ActiveCfg = Release|x86
		{85531606-3070-482F-8751-367DF15C8E32}.Release|x86.Build.0 = Release|x86
		{C6249B3D-0EC2-405A-A89F-1F31B93D7249}.Debug|Any CPU.ActiveCfg = Debug|Any CPU
		{C6249B3D-0EC2-405A-A89F-1F31B93D7249}.Debug|Any CPU.Build.0 = Debug|Any CPU
		{C6249B3D-0EC2-405A-A89F-1F31B93D7249}.Debug|Mixed Platforms.ActiveCfg = Debug|Any CPU
		{C6249B3D-0EC2-405A-A89F-1F31B93D7249}.Debug|Mixed Platforms.Build.0 = Debug|Any CPU
		{C6249B3D-0EC2-405A-A89F-1F31B93D7249}.Debug|x86.ActiveCfg = Debug|Any CPU
		{C6249B3D-0EC2-405A-A89F-1F31B93D7249}.Release|Any CPU.ActiveCfg = Release|Any CPU
		{C6249B3D-0EC2-405A-A89F-1F31B93D7249}.Release|Any CPU.Build.0 = Release|Any CPU
		{C6249B3D-0EC2-405A-A89F-1F31B93D7249}.Release|Mixed Platforms.ActiveCfg = Release|Any CPU
		{C6249B3D-0EC2-405A-A89F-1F31B93D7249}.Release|Mixed Platforms.Build.0 = Release|Any CPU
		{C6249B3D-0EC2-405A-A89F-1F31B93D7249}.Release|x86.ActiveCfg = Release|Any CPU
	EndGlobalSection
	GlobalSection(SolutionProperties) = preSolution
		HideSolutionNode = FALSE
	EndGlobalSection
EndGlobal
